
Microsoft Visual Studio Solution File, Format Version 12.00
# Visual Studio Version 17
VisualStudioVersion = 17.7.34031.279
MinimumVisualStudioVersion = 10.0.40219.1
Project("{9A19103F-16F7-4668-BE54-9A1E7A4F7556}") = "DiyorMarket", "DiyorMarket\DiyorMarket.csproj", "{EDC82EC1-C803-497E-862C-4A19A2BDB682}"
EndProject
Project("{9A19103F-16F7-4668-BE54-9A1E7A4F7556}") = "DiyorMarket.Domain", "..\..\lesson\Module-06\Module-06\Lesson09\DiyorMarket.Domain\DiyorMarket.Domain.csproj", "{6E90DAB4-7FBF-4FF1-9CB9-98FBA6363E01}"
EndProject
Project("{9A19103F-16F7-4668-BE54-9A1E7A4F7556}") = "DiyorMarket.Infrastructure", "..\..\lesson\Module-06\Module-06\Lesson09\DiyorMarket.Infrastructure\DiyorMarket.Infrastructure.csproj", "{28714D52-A228-49FF-8D1B-D15CAD5FC744}"
EndProject
Global
	GlobalSection(SolutionConfigurationPlatforms) = preSolution
		Debug|Any CPU = Debug|Any CPU
		Release|Any CPU = Release|Any CPU
	EndGlobalSection
	GlobalSection(ProjectConfigurationPlatforms) = postSolution
		{EDC82EC1-C803-497E-862C-4A19A2BDB682}.Debug|Any CPU.ActiveCfg = Debug|Any CPU
		{EDC82EC1-C803-497E-862C-4A19A2BDB682}.Debug|Any CPU.Build.0 = Debug|Any CPU
		{EDC82EC1-C803-497E-862C-4A19A2BDB682}.Release|Any CPU.ActiveCfg = Release|Any CPU
		{EDC82EC1-C803-497E-862C-4A19A2BDB682}.Release|Any CPU.Build.0 = Release|Any CPU
		{6E90DAB4-7FBF-4FF1-9CB9-98FBA6363E01}.Debug|Any CPU.ActiveCfg = Debug|Any CPU
		{6E90DAB4-7FBF-4FF1-9CB9-98FBA6363E01}.Debug|Any CPU.Build.0 = Debug|Any CPU
		{6E90DAB4-7FBF-4FF1-9CB9-98FBA6363E01}.Release|Any CPU.ActiveCfg = Release|Any CPU
		{6E90DAB4-7FBF-4FF1-9CB9-98FBA6363E01}.Release|Any CPU.Build.0 = Release|Any CPU
		{28714D52-A228-49FF-8D1B-D15CAD5FC744}.Debug|Any CPU.ActiveCfg = Debug|Any CPU
		{28714D52-A228-49FF-8D1B-D15CAD5FC744}.Debug|Any CPU.Build.0 = Debug|Any CPU
		{28714D52-A228-49FF-8D1B-D15CAD5FC744}.Release|Any CPU.ActiveCfg = Release|Any CPU
		{28714D52-A228-49FF-8D1B-D15CAD5FC744}.Release|Any CPU.Build.0 = Release|Any CPU
	EndGlobalSection
	GlobalSection(SolutionProperties) = preSolution
		HideSolutionNode = FALSE
	EndGlobalSection
	GlobalSection(ExtensibilityGlobals) = postSolution
		SolutionGuid = {D67AD177-8D8A-4FC1-B7FD-E630034D40FF}
	EndGlobalSection
EndGlobal
